
Microsoft Visual Studio Solution File, Format Version 12.00
# Visual Studio Version 17
VisualStudioVersion = 17.13.35806.99 d17.13
MinimumVisualStudioVersion = 10.0.40219.1
Project("{FAE04EC0-301F-11D3-BF4B-00C04F79EFBC}") = "ProjectCalculator", "ProjectCalculator.csproj", "{848B04C2-0ED8-4498-9CE2-F518E11930B7}"
EndProject
Global
	GlobalSection(SolutionConfigurationPlatforms) = preSolution
		Debug|Any CPU = Debug|Any CPU
		Release|Any CPU = Release|Any CPU
	EndGlobalSection
	GlobalSection(ProjectConfigurationPlatforms) = postSolution
		{848B04C2-0ED8-4498-9CE2-F518E11930B7}.Debug|Any CPU.ActiveCfg = Debug|Any CPU
		{848B04C2-0ED8-4498-9CE2-F518E11930B7}.Debug|Any CPU.Build.0 = Debug|Any CPU
		{848B04C2-0ED8-4498-9CE2-F518E11930B7}.Release|Any CPU.ActiveCfg = Release|Any CPU
		{848B04C2-0ED8-4498-9CE2-F518E11930B7}.Release|Any CPU.Build.0 = Release|Any CPU
	EndGlobalSection
	GlobalSection(SolutionProperties) = preSolution
		HideSolutionNode = FALSE
	EndGlobalSection
	GlobalSection(ExtensibilityGlobals) = postSolution
		SolutionGuid = {F2334CC2-A975-4FB4-B28B-5900903A6312}
	EndGlobalSection
EndGlobal
